
Microsoft Visual Studio Solution File, Format Version 12.00
# Visual Studio Version 17
VisualStudioVersion = 17.14.36408.4
MinimumVisualStudioVersion = 10.0.40219.1
Project("{9A19103F-16F7-4668-BE54-9A1E7A4F7556}") = "NetDeque", "NetDeque\NetDeque.csproj", "{2795814D-8EED-4AED-BEC4-0CC0B73ECD98}"
EndProject
Project("{FAE04EC0-301F-11D3-BF4B-00C04F79EFBC}") = "NetDeque.Tests", "NetDeque.Tests\NetDeque.Tests.csproj", "{1E7A2915-66DD-450B-9EE4-B13D757CA0E5}"
EndProject
Global
	GlobalSection(SolutionConfigurationPlatforms) = preSolution
		Debug|Any CPU = Debug|Any CPU
		Release|Any CPU = Release|Any CPU
	EndGlobalSection
	GlobalSection(ProjectConfigurationPlatforms) = postSolution
		{2795814D-8EED-4AED-BEC4-0CC0B73ECD98}.Debug|Any CPU.ActiveCfg = Debug|Any CPU
		{2795814D-8EED-4AED-BEC4-0CC0B73ECD98}.Debug|Any CPU.Build.0 = Debug|Any CPU
		{2795814D-8EED-4AED-BEC4-0CC0B73ECD98}.Release|Any CPU.ActiveCfg = Release|Any CPU
		{2795814D-8EED-4AED-BEC4-0CC0B73ECD98}.Release|Any CPU.Build.0 = Release|Any CPU
		{1E7A2915-66DD-450B-9EE4-B13D757CA0E5}.Debug|Any CPU.ActiveCfg = Debug|Any CPU
		{1E7A2915-66DD-450B-9EE4-B13D757CA0E5}.Debug|Any CPU.Build.0 = Debug|Any CPU
		{1E7A2915-66DD-450B-9EE4-B13D757CA0E5}.Release|Any CPU.ActiveCfg = Release|Any CPU
		{1E7A2915-66DD-450B-9EE4-B13D757CA0E5}.Release|Any CPU.Build.0 = Release|Any CPU
	EndGlobalSection
	GlobalSection(SolutionProperties) = preSolution
		HideSolutionNode = FALSE
	EndGlobalSection
	GlobalSection(ExtensibilityGlobals) = postSolution
		SolutionGuid = {9183D061-CAB0-4385-B136-1B5272254AE6}
	EndGlobalSection
EndGlobal
